// !$*UTF8*$!
{
	archiveVersion = 1;
	classes = {
	};
	objectVersion = 55;
	objects = {

/* Begin PBXBuildFile section */
		9B3E63E327ECD654006686DC /* AppDelegate.swift in Sources */ = {isa = PBXBuildFile; fileRef = 9B3E63E227ECD654006686DC /* AppDelegate.swift */; };
		9B3E63E527ECD654006686DC /* SceneDelegate.swift in Sources */ = {isa = PBXBuildFile; fileRef = 9B3E63E427ECD654006686DC /* SceneDelegate.swift */; };
		9B3E63E727ECD654006686DC /* ViewController.swift in Sources */ = {isa = PBXBuildFile; fileRef = 9B3E63E627ECD654006686DC /* ViewController.swift */; };
		9B3E63EA27ECD654006686DC /* Main.storyboard in Resources */ = {isa = PBXBuildFile; fileRef = 9B3E63E827ECD654006686DC /* Main.storyboard */; };
		9B3E63EC27ECD656006686DC /* Assets.xcassets in Resources */ = {isa = PBXBuildFile; fileRef = 9B3E63EB27ECD656006686DC /* Assets.xcassets */; };
		9B3E63EF27ECD656006686DC /* LaunchScreen.storyboard in Resources */ = {isa = PBXBuildFile; fileRef = 9B3E63ED27ECD656006686DC /* LaunchScreen.storyboard */; };
		9B3E63FA27ECD656006686DC /* YedirTests.swift in Sources */ = {isa = PBXBuildFile; fileRef = 9B3E63F927ECD656006686DC /* YedirTests.swift */; };
		9B3E640427ECD656006686DC /* YedirUITests.swift in Sources */ = {isa = PBXBuildFile; fileRef = 9B3E640327ECD656006686DC /* YedirUITests.swift */; };
		9B3E640627ECD656006686DC /* YedirUITestsLaunchTests.swift in Sources */ = {isa = PBXBuildFile; fileRef = 9B3E640527ECD656006686DC /* YedirUITestsLaunchTests.swift */; };
		9B3E643327EE0A47006686DC /* food-detail-module in Resources */ = {isa = PBXBuildFile; fileRef = 9B3E642F27EE0A46006686DC /* food-detail-module */; };
		9B3E643427EE0A47006686DC /* home-page-module in Resources */ = {isa = PBXBuildFile; fileRef = 9B3E643027EE0A46006686DC /* home-page-module */; };
		9B3E643527EE0A47006686DC /* entity in Resources */ = {isa = PBXBuildFile; fileRef = 9B3E643127EE0A46006686DC /* entity */; };
		9B3E643627EE0A47006686DC /* basket-page-module in Resources */ = {isa = PBXBuildFile; fileRef = 9B3E643227EE0A46006686DC /* basket-page-module */; };
/* End PBXBuildFile section */

/* Begin PBXContainerItemProxy section */
		9B3E63F627ECD656006686DC /* PBXContainerItemProxy */ = {
			isa = PBXContainerItemProxy;
			containerPortal = 9B3E63D727ECD654006686DC /* Project object */;
			proxyType = 1;
			remoteGlobalIDString = 9B3E63DE27ECD654006686DC;
			remoteInfo = Yedir;
		};
		9B3E640027ECD656006686DC /* PBXContainerItemProxy */ = {
			isa = PBXContainerItemProxy;
			containerPortal = 9B3E63D727ECD654006686DC /* Project object */;
			proxyType = 1;
			remoteGlobalIDString = 9B3E63DE27ECD654006686DC;
			remoteInfo = Yedir;
		};
/* End PBXContainerItemProxy section */

/* Begin PBXFileReference section */
		9B3E63DF27ECD654006686DC /* Yedir.app */ = {isa = PBXFileReference; explicitFileType = wrapper.application; includeInIndex = 0; path = Yedir.app; sourceTree = BUILT_PRODUCTS_DIR; };
		9B3E63E227ECD654006686DC /* AppDelegate.swift */ = {isa = PBXFileReference; lastKnownFileType = sourcecode.swift; path = AppDelegate.swift; sourceTree = "<group>"; };
		9B3E63E427ECD654006686DC /* SceneDelegate.swift */ = {isa = PBXFileReference; lastKnownFileType = sourcecode.swift; path = SceneDelegate.swift; sourceTree = "<group>"; };
		9B3E63E627ECD654006686DC /* ViewController.swift */ = {isa = PBXFileReference; lastKnownFileType = sourcecode.swift; path = ViewController.swift; sourceTree = "<group>"; };
		9B3E63E927ECD654006686DC /* Base */ = {isa = PBXFileReference; lastKnownFileType = file.storyboard; name = Base; path = Base.lproj/Main.storyboard; sourceTree = "<group>"; };
		9B3E63EB27ECD656006686DC /* Assets.xcassets */ = {isa = PBXFileReference; lastKnownFileType = folder.assetcatalog; path = Assets.xcassets; sourceTree = "<group>"; };
		9B3E63EE27ECD656006686DC /* Base */ = {isa = PBXFileReference; lastKnownFileType = file.storyboard; name = Base; path = Base.lproj/LaunchScreen.storyboard; sourceTree = "<group>"; };
		9B3E63F027ECD656006686DC /* Info.plist */ = {isa = PBXFileReference; lastKnownFileType = text.plist.xml; path = Info.plist; sourceTree = "<group>"; };
		9B3E63F527ECD656006686DC /* YedirTests.xctest */ = {isa = PBXFileReference; explicitFileType = wrapper.cfbundle; includeInIndex = 0; path = YedirTests.xctest; sourceTree = BUILT_PRODUCTS_DIR; };
		9B3E63F927ECD656006686DC /* YedirTests.swift */ = {isa = PBXFileReference; lastKnownFileType = sourcecode.swift; path = YedirTests.swift; sourceTree = "<group>"; };
		9B3E63FF27ECD656006686DC /* YedirUITests.xctest */ = {isa = PBXFileReference; explicitFileType = wrapper.cfbundle; includeInIndex = 0; path = YedirUITests.xctest; sourceTree = BUILT_PRODUCTS_DIR; };
		9B3E640327ECD656006686DC /* YedirUITests.swift */ = {isa = PBXFileReference; lastKnownFileType = sourcecode.swift; path = YedirUITests.swift; sourceTree = "<group>"; };
		9B3E640527ECD656006686DC /* YedirUITestsLaunchTests.swift */ = {isa = PBXFileReference; lastKnownFileType = sourcecode.swift; path = YedirUITestsLaunchTests.swift; sourceTree = "<group>"; };
		9B3E642F27EE0A46006686DC /* food-detail-module */ = {isa = PBXFileReference; lastKnownFileType = folder; path = "food-detail-module"; sourceTree = "<group>"; };
		9B3E643027EE0A46006686DC /* home-page-module */ = {isa = PBXFileReference; lastKnownFileType = folder; path = "home-page-module"; sourceTree = "<group>"; };
		9B3E643127EE0A46006686DC /* entity */ = {isa = PBXFileReference; lastKnownFileType = folder; path = entity; sourceTree = "<group>"; };
		9B3E643227EE0A46006686DC /* basket-page-module */ = {isa = PBXFileReference; lastKnownFileType = folder; path = "basket-page-module"; sourceTree = "<group>"; };
/* End PBXFileReference section */

/* Begin PBXFrameworksBuildPhase section */
		9B3E63DC27ECD654006686DC /* Frameworks */ = {
			isa = PBXFrameworksBuildPhase;
			buildActionMask = 2147483647;
			files = (
			);
			runOnlyForDeploymentPostprocessing = 0;
		};
		9B3E63F227ECD656006686DC /* Frameworks */ = {
			isa = PBXFrameworksBuildPhase;
			buildActionMask = 2147483647;
			files = (
			);
			runOnlyForDeploymentPostprocessing = 0;
		};
		9B3E63FC27ECD656006686DC /* Frameworks */ = {
			isa = PBXFrameworksBuildPhase;
			buildActionMask = 2147483647;
			files = (
			);
			runOnlyForDeploymentPostprocessing = 0;
		};
/* End PBXFrameworksBuildPhase section */

/* Begin PBXGroup section */
		9B3E63D627ECD654006686DC = {
			isa = PBXGroup;
			children = (
				9B3E63E127ECD654006686DC /* Yedir */,
				9B3E63F827ECD656006686DC /* YedirTests */,
				9B3E640227ECD656006686DC /* YedirUITests */,
				9B3E63E027ECD654006686DC /* Products */,
			);
			sourceTree = "<group>";
		};
		9B3E63E027ECD654006686DC /* Products */ = {
			isa = PBXGroup;
			children = (
				9B3E63DF27ECD654006686DC /* Yedir.app */,
				9B3E63F527ECD656006686DC /* YedirTests.xctest */,
				9B3E63FF27ECD656006686DC /* YedirUITests.xctest */,
			);
			name = Products;
			sourceTree = "<group>";
		};
		9B3E63E127ECD654006686DC /* Yedir */ = {
			isa = PBXGroup;
			children = (
				9B3E643227EE0A46006686DC /* basket-page-module */,
				9B3E643127EE0A46006686DC /* entity */,
				9B3E642F27EE0A46006686DC /* food-detail-module */,
				9B3E643027EE0A46006686DC /* home-page-module */,
				9B3E63E227ECD654006686DC /* AppDelegate.swift */,
				9B3E63E427ECD654006686DC /* SceneDelegate.swift */,
				9B3E63E627ECD654006686DC /* ViewController.swift */,
				9B3E63E827ECD654006686DC /* Main.storyboard */,
				9B3E63EB27ECD656006686DC /* Assets.xcassets */,
				9B3E63ED27ECD656006686DC /* LaunchScreen.storyboard */,
				9B3E63F027ECD656006686DC /* Info.plist */,
			);
			path = Yedir;
			sourceTree = "<group>";
		};
		9B3E63F827ECD656006686DC /* YedirTests */ = {
			isa = PBXGroup;
			children = (
				9B3E63F927ECD656006686DC /* YedirTests.swift */,
			);
			path = YedirTests;
			sourceTree = "<group>";
		};
		9B3E640227ECD656006686DC /* YedirUITests */ = {
			isa = PBXGroup;
			children = (
				9B3E640327ECD656006686DC /* YedirUITests.swift */,
				9B3E640527ECD656006686DC /* YedirUITestsLaunchTests.swift */,
			);
			path = YedirUITests;
			sourceTree = "<group>";
		};
/* End PBXGroup section */

/* Begin PBXNativeTarget section */
		9B3E63DE27ECD654006686DC /* Yedir */ = {
			isa = PBXNativeTarget;
			buildConfigurationList = 9B3E640927ECD656006686DC /* Build configuration list for PBXNativeTarget "Yedir" */;
			buildPhases = (
				9B3E63DB27ECD654006686DC /* Sources */,
				9B3E63DC27ECD654006686DC /* Frameworks */,
				9B3E63DD27ECD654006686DC /* Resources */,
			);
			buildRules = (
			);
			dependencies = (
			);
			name = Yedir;
			productName = Yedir;
			productReference = 9B3E63DF27ECD654006686DC /* Yedir.app */;
			productType = "com.apple.product-type.application";
		};
		9B3E63F427ECD656006686DC /* YedirTests */ = {
			isa = PBXNativeTarget;
			buildConfigurationList = 9B3E640C27ECD656006686DC /* Build configuration list for PBXNativeTarget "YedirTests" */;
			buildPhases = (
				9B3E63F127ECD656006686DC /* Sources */,
				9B3E63F227ECD656006686DC /* Frameworks */,
				9B3E63F327ECD656006686DC /* Resources */,
			);
			buildRules = (
			);
			dependencies = (
				9B3E63F727ECD656006686DC /* PBXTargetDependency */,
			);
			name = YedirTests;
			productName = YedirTests;
			productReference = 9B3E63F527ECD656006686DC /* YedirTests.xctest */;
			productType = "com.apple.product-type.bundle.unit-test";
		};
		9B3E63FE27ECD656006686DC /* YedirUITests */ = {
			isa = PBXNativeTarget;
			buildConfigurationList = 9B3E640F27ECD656006686DC /* Build configuration list for PBXNativeTarget "YedirUITests" */;
			buildPhases = (
				9B3E63FB27ECD656006686DC /* Sources */,
				9B3E63FC27ECD656006686DC /* Frameworks */,
				9B3E63FD27ECD656006686DC /* Resources */,
			);
			buildRules = (
			);
			dependencies = (
				9B3E640127ECD656006686DC /* PBXTargetDependency */,
			);
			name = YedirUITests;
			productName = YedirUITests;
			productReference = 9B3E63FF27ECD656006686DC /* YedirUITests.xctest */;
			productType = "com.apple.product-type.bundle.ui-testing";
		};
/* End PBXNativeTarget section */

/* Begin PBXProject section */
		9B3E63D727ECD654006686DC /* Project object */ = {
			isa = PBXProject;
			attributes = {
				BuildIndependentTargetsInParallel = 1;
				LastSwiftUpdateCheck = 1310;
				LastUpgradeCheck = 1310;
				TargetAttributes = {
					9B3E63DE27ECD654006686DC = {
						CreatedOnToolsVersion = 13.1;
					};
					9B3E63F427ECD656006686DC = {
						CreatedOnToolsVersion = 13.1;
						TestTargetID = 9B3E63DE27ECD654006686DC;
					};
					9B3E63FE27ECD656006686DC = {
						CreatedOnToolsVersion = 13.1;
						TestTargetID = 9B3E63DE27ECD654006686DC;
					};
				};
			};
			buildConfigurationList = 9B3E63DA27ECD654006686DC /* Build configuration list for PBXProject "Yedir" */;
			compatibilityVersion = "Xcode 13.0";
			developmentRegion = en;
			hasScannedForEncodings = 0;
			knownRegions = (
				en,
				Base,
			);
			mainGroup = 9B3E63D627ECD654006686DC;
			productRefGroup = 9B3E63E027ECD654006686DC /* Products */;
			projectDirPath = "";
			projectRoot = "";
			targets = (
				9B3E63DE27ECD654006686DC /* Yedir */,
				9B3E63F427ECD656006686DC /* YedirTests */,
				9B3E63FE27ECD656006686DC /* YedirUITests */,
			);
		};
/* End PBXProject section */

/* Begin PBXResourcesBuildPhase section */
		9B3E63DD27ECD654006686DC /* Resources */ = {
			isa = PBXResourcesBuildPhase;
			buildActionMask = 2147483647;
			files = (
				9B3E643627EE0A47006686DC /* basket-page-module in Resources */,
				9B3E643427EE0A47006686DC /* home-page-module in Resources */,
				9B3E63EF27ECD656006686DC /* LaunchScreen.storyboard in Resources */,
				9B3E643327EE0A47006686DC /* food-detail-module in Resources */,
				9B3E643527EE0A47006686DC /* entity in Resources */,
				9B3E63EC27ECD656006686DC /* Assets.xcassets in Resources */,
				9B3E63EA27ECD654006686DC /* Main.storyboard in Resources */,
			);
			runOnlyForDeploymentPostprocessing = 0;
		};
		9B3E63F327ECD656006686DC /* Resources */ = {
			isa = PBXResourcesBuildPhase;
			buildActionMask = 2147483647;
			files = (
			);
			runOnlyForDeploymentPostprocessing = 0;
		};
		9B3E63FD27ECD656006686DC /* Resources */ = {
			isa = PBXResourcesBuildPhase;
			buildActionMask = 2147483647;
			files = (
			);
			runOnlyForDeploymentPostprocessing = 0;
		};
/* End PBXResourcesBuildPhase section */

/* Begin PBXSourcesBuildPhase section */
		9B3E63DB27ECD654006686DC /* Sources */ = {
			isa = PBXSourcesBuildPhase;
			buildActionMask = 2147483647;
			files = (
				9B3E63E727ECD654006686DC /* ViewController.swift in Sources */,
				9B3E63E327ECD654006686DC /* AppDelegate.swift in Sources */,
				9B3E63E527ECD654006686DC /* SceneDelegate.swift in Sources */,
			);
			runOnlyForDeploymentPostprocessing = 0;
		};
		9B3E63F127ECD656006686DC /* Sources */ = {
			isa = PBXSourcesBuildPhase;
			buildActionMask = 2147483647;
			files = (
				9B3E63FA27ECD656006686DC /* YedirTests.swift in Sources */,
			);
			runOnlyForDeploymentPostprocessing = 0;
		};
		9B3E63FB27ECD656006686DC /* Sources */ = {
			isa = PBXSourcesBuildPhase;
			buildActionMask = 2147483647;
			files = (
				9B3E640627ECD656006686DC /* YedirUITestsLaunchTests.swift in Sources */,
				9B3E640427ECD656006686DC /* YedirUITests.swift in Sources */,
			);
			runOnlyForDeploymentPostprocessing = 0;
		};
/* End PBXSourcesBuildPhase section */

/* Begin PBXTargetDependency section */
		9B3E63F727ECD656006686DC /* PBXTargetDependency */ = {
			isa = PBXTargetDependency;
			target = 9B3E63DE27ECD654006686DC /* Yedir */;
			targetProxy = 9B3E63F627ECD656006686DC /* PBXContainerItemProxy */;
		};
		9B3E640127ECD656006686DC /* PBXTargetDependency */ = {
			isa = PBXTargetDependency;
			target = 9B3E63DE27ECD654006686DC /* Yedir */;
			targetProxy = 9B3E640027ECD656006686DC /* PBXContainerItemProxy */;
		};
/* End PBXTargetDependency section */

/* Begin PBXVariantGroup section */
		9B3E63E827ECD654006686DC /* Main.storyboard */ = {
			isa = PBXVariantGroup;
			children = (
				9B3E63E927ECD654006686DC /* Base */,
			);
			name = Main.storyboard;
			sourceTree = "<group>";
		};
		9B3E63ED27ECD656006686DC /* LaunchScreen.storyboard */ = {
			isa = PBXVariantGroup;
			children = (
				9B3E63EE27ECD656006686DC /* Base */,
			);
			name = LaunchScreen.storyboard;
			sourceTree = "<group>";
		};
/* End PBXVariantGroup section */

/* Begin XCBuildConfiguration section */
		9B3E640727ECD656006686DC /* Debug */ = {
			isa = XCBuildConfiguration;
			buildSettings = {
				ALWAYS_SEARCH_USER_PATHS = NO;
				CLANG_ANALYZER_NONNULL = YES;
				CLANG_ANALYZER_NUMBER_OBJECT_CONVERSION = YES_AGGRESSIVE;
				CLANG_CXX_LANGUAGE_STANDARD = "gnu++17";
				CLANG_CXX_LIBRARY = "libc++";
				CLANG_ENABLE_MODULES = YES;
				CLANG_ENABLE_OBJC_ARC = YES;
				CLANG_ENABLE_OBJC_WEAK = YES;
				CLANG_WARN_BLOCK_CAPTURE_AUTORELEASING = YES;
				CLANG_WARN_BOOL_CONVERSION = YES;
				CLANG_WARN_COMMA = YES;
				CLANG_WARN_CONSTANT_CONVERSION = YES;
				CLANG_WARN_DEPRECATED_OBJC_IMPLEMENTATIONS = YES;
				CLANG_WARN_DIRECT_OBJC_ISA_USAGE = YES_ERROR;
				CLANG_WARN_DOCUMENTATION_COMMENTS = YES;
				CLANG_WARN_EMPTY_BODY = YES;
				CLANG_WARN_ENUM_CONVERSION = YES;
				CLANG_WARN_INFINITE_RECURSION = YES;
				CLANG_WARN_INT_CONVERSION = YES;
				CLANG_WARN_NON_LITERAL_NULL_CONVERSION = YES;
				CLANG_WARN_OBJC_IMPLICIT_RETAIN_SELF = YES;
				CLANG_WARN_OBJC_LITERAL_CONVERSION = YES;
				CLANG_WARN_OBJC_ROOT_CLASS = YES_ERROR;
				CLANG_WARN_QUOTED_INCLUDE_IN_FRAMEWORK_HEADER = YES;
				CLANG_WARN_RANGE_LOOP_ANALYSIS = YES;
				CLANG_WARN_STRICT_PROTOTYPES = YES;
				CLANG_WARN_SUSPICIOUS_MOVE = YES;
				CLANG_WARN_UNGUARDED_AVAILABILITY = YES_AGGRESSIVE;
				CLANG_WARN_UNREACHABLE_CODE = YES;
				CLANG_WARN__DUPLICATE_METHOD_MATCH = YES;
				COPY_PHASE_STRIP = NO;
				DEBUG_INFORMATION_FORMAT = dwarf;
				ENABLE_STRICT_OBJC_MSGSEND = YES;
				ENABLE_TESTABILITY = YES;
				GCC_C_LANGUAGE_STANDARD = gnu11;
				GCC_DYNAMIC_NO_PIC = NO;
				GCC_NO_COMMON_BLOCKS = YES;
				GCC_OPTIMIZATION_LEVEL = 0;
				GCC_PREPROCESSOR_DEFINITIONS = (
					"DEBUG=1",
					"$(inherited)",
				);
				GCC_WARN_64_TO_32_BIT_CONVERSION = YES;
				GCC_WARN_ABOUT_RETURN_TYPE = YES_ERROR;
				GCC_WARN_UNDECLARED_SELECTOR = YES;
				GCC_WARN_UNINITIALIZED_AUTOS = YES_AGGRESSIVE;
				GCC_WARN_UNUSED_FUNCTION = YES;
				GCC_WARN_UNUSED_VARIABLE = YES;
				IPHONEOS_DEPLOYMENT_TARGET = 15.0;
				MTL_ENABLE_DEBUG_INFO = INCLUDE_SOURCE;
				MTL_FAST_MATH = YES;
				ONLY_ACTIVE_ARCH = YES;
				SDKROOT = iphoneos;
				SWIFT_ACTIVE_COMPILATION_CONDITIONS = DEBUG;
				SWIFT_OPTIMIZATION_LEVEL = "-Onone";
			};
			name = Debug;
		};
		9B3E640827ECD656006686DC /* Release */ = {
			isa = XCBuildConfiguration;
			buildSettings = {
				ALWAYS_SEARCH_USER_PATHS = NO;
				CLANG_ANALYZER_NONNULL = YES;
				CLANG_ANALYZER_NUMBER_OBJECT_CONVERSION = YES_AGGRESSIVE;
				CLANG_CXX_LANGUAGE_STANDARD = "gnu++17";
				CLANG_CXX_LIBRARY = "libc++";
				CLANG_ENABLE_MODULES = YES;
				CLANG_ENABLE_OBJC_ARC = YES;
				CLANG_ENABLE_OBJC_WEAK = YES;
				CLANG_WARN_BLOCK_CAPTURE_AUTORELEASING = YES;
				CLANG_WARN_BOOL_CONVERSION = YES;
				CLANG_WARN_COMMA = YES;
				CLANG_WARN_CONSTANT_CONVERSION = YES;
				CLANG_WARN_DEPRECATED_OBJC_IMPLEMENTATIONS = YES;
				CLANG_WARN_DIRECT_OBJC_ISA_USAGE = YES_ERROR;
				CLANG_WARN_DOCUMENTATION_COMMENTS = YES;
				CLANG_WARN_EMPTY_BODY = YES;
				CLANG_WARN_ENUM_CONVERSION = YES;
				CLANG_WARN_INFINITE_RECURSION = YES;
				CLANG_WARN_INT_CONVERSION = YES;
				CLANG_WARN_NON_LITERAL_NULL_CONVERSION = YES;
				CLANG_WARN_OBJC_IMPLICIT_RETAIN_SELF = YES;
				CLANG_WARN_OBJC_LITERAL_CONVERSION = YES;
				CLANG_WARN_OBJC_ROOT_CLASS = YES_ERROR;
				CLANG_WARN_QUOTED_INCLUDE_IN_FRAMEWORK_HEADER = YES;
				CLANG_WARN_RANGE_LOOP_ANALYSIS = YES;
				CLANG_WARN_STRICT_PROTOTYPES = YES;
				CLANG_WARN_SUSPICIOUS_MOVE = YES;
				CLANG_WARN_UNGUARDED_AVAILABILITY = YES_AGGRESSIVE;
				CLANG_WARN_UNREACHABLE_CODE = YES;
				CLANG_WARN__DUPLICATE_METHOD_MATCH = YES;
				COPY_PHASE_STRIP = NO;
				DEBUG_INFORMATION_FORMAT = "dwarf-with-dsym";
				ENABLE_NS_ASSERTIONS = NO;
				ENABLE_STRICT_OBJC_MSGSEND = YES;
				GCC_C_LANGUAGE_STANDARD = gnu11;
				GCC_NO_COMMON_BLOCKS = YES;
				GCC_WARN_64_TO_32_BIT_CONVERSION = YES;
				GCC_WARN_ABOUT_RETURN_TYPE = YES_ERROR;
				GCC_WARN_UNDECLARED_SELECTOR = YES;
				GCC_WARN_UNINITIALIZED_AUTOS = YES_AGGRESSIVE;
				GCC_WARN_UNUSED_FUNCTION = YES;
				GCC_WARN_UNUSED_VARIABLE = YES;
				IPHONEOS_DEPLOYMENT_TARGET = 15.0;
				MTL_ENABLE_DEBUG_INFO = NO;
				MTL_FAST_MATH = YES;
				SDKROOT = iphoneos;
				SWIFT_COMPILATION_MODE = wholemodule;
				SWIFT_OPTIMIZATION_LEVEL = "-O";
				VALIDATE_PRODUCT = YES;
			};
			name = Release;
		};
		9B3E640A27ECD656006686DC /* Debug */ = {
			isa = XCBuildConfiguration;
			buildSettings = {
				ASSETCATALOG_COMPILER_APPICON_NAME = AppIcon;
				ASSETCATALOG_COMPILER_GLOBAL_ACCENT_COLOR_NAME = AccentColor;
				CODE_SIGN_STYLE = Automatic;
				CURRENT_PROJECT_VERSION = 1;
				GENERATE_INFOPLIST_FILE = YES;
				INFOPLIST_FILE = Yedir/Info.plist;
				INFOPLIST_KEY_UIApplicationSupportsIndirectInputEvents = YES;
				INFOPLIST_KEY_UILaunchStoryboardName = LaunchScreen;
				INFOPLIST_KEY_UIMainStoryboardFile = Main;
				INFOPLIST_KEY_UISupportedInterfaceOrientations_iPad = "UIInterfaceOrientationPortrait UIInterfaceOrientationPortraitUpsideDown UIInterfaceOrientationLandscapeLeft UIInterfaceOrientationLandscapeRight";
				INFOPLIST_KEY_UISupportedInterfaceOrientations_iPhone = "UIInterfaceOrientationPortrait UIInterfaceOrientationLandscapeLeft UIInterfaceOrientationLandscapeRight";
				LD_RUNPATH_SEARCH_PATHS = (
					"$(inherited)",
					"@executable_path/Frameworks",
				);
				MARKETING_VERSION = 1.0;
				PRODUCT_BUNDLE_IDENTIFIER = com.info.Yedir;
				PRODUCT_NAME = "$(TARGET_NAME)";
				SWIFT_EMIT_LOC_STRINGS = YES;
				SWIFT_VERSION = 5.0;
				TARGETED_DEVICE_FAMILY = "1,2";
			};
			name = Debug;
		};
		9B3E640B27ECD656006686DC /* Release */ = {
			isa = XCBuildConfiguration;
			buildSettings = {
				ASSETCATALOG_COMPILER_APPICON_NAME = AppIcon;
				ASSETCATALOG_COMPILER_GLOBAL_ACCENT_COLOR_NAME = AccentColor;
				CODE_SIGN_STYLE = Automatic;
				CURRENT_PROJECT_VERSION = 1;
				GENERATE_INFOPLIST_FILE = YES;
				INFOPLIST_FILE = Yedir/Info.plist;
				INFOPLIST_KEY_UIApplicationSupportsIndirectInputEvents = YES;
				INFOPLIST_KEY_UILaunchStoryboardName = LaunchScreen;
				INFOPLIST_KEY_UIMainStoryboardFile = Main;
				INFOPLIST_KEY_UISupportedInterfaceOrientations_iPad = "UIInterfaceOrientationPortrait UIInterfaceOrientationPortraitUpsideDown UIInterfaceOrientationLandscapeLeft UIInterfaceOrientationLandscapeRight";
				INFOPLIST_KEY_UISupportedInterfaceOrientations_iPhone = "UIInterfaceOrientationPortrait UIInterfaceOrientationLandscapeLeft UIInterfaceOrientationLandscapeRight";
				LD_RUNPATH_SEARCH_PATHS = (
					"$(inherited)",
					"@executable_path/Frameworks",
				);
				MARKETING_VERSION = 1.0;
				PRODUCT_BUNDLE_IDENTIFIER = com.info.Yedir;
				PRODUCT_NAME = "$(TARGET_NAME)";
				SWIFT_EMIT_LOC_STRINGS = YES;
				SWIFT_VERSION = 5.0;
				TARGETED_DEVICE_FAMILY = "1,2";
			};
			name = Release;
		};
		9B3E640D27ECD656006686DC /* Debug */ = {
			isa = XCBuildConfiguration;
			buildSettings = {
				ALWAYS_EMBED_SWIFT_STANDARD_LIBRARIES = YES;
				BUNDLE_LOADER = "$(TEST_HOST)";
				CODE_SIGN_STYLE = Automatic;
				CURRENT_PROJECT_VERSION = 1;
				GENERATE_INFOPLIST_FILE = YES;
				IPHONEOS_DEPLOYMENT_TARGET = 15.0;
				LD_RUNPATH_SEARCH_PATHS = (
					"$(inherited)",
					"@executable_path/Frameworks",
					"@loader_path/Frameworks",
				);
				MARKETING_VERSION = 1.0;
				PRODUCT_BUNDLE_IDENTIFIER = com.info.YedirTests;
				PRODUCT_NAME = "$(TARGET_NAME)";
				SWIFT_EMIT_LOC_STRINGS = NO;
				SWIFT_VERSION = 5.0;
				TARGETED_DEVICE_FAMILY = "1,2";
				TEST_HOST = "$(BUILT_PRODUCTS_DIR)/Yedir.app/Yedir";
			};
			name = Debug;
		};
		9B3E640E27ECD656006686DC /* Release */ = {
			isa = XCBuildConfiguration;
			buildSettings = {
				ALWAYS_EMBED_SWIFT_STANDARD_LIBRARIES = YES;
				BUNDLE_LOADER = "$(TEST_HOST)";
				CODE_SIGN_STYLE = Automatic;
				CURRENT_PROJECT_VERSION = 1;
				GENERATE_INFOPLIST_FILE = YES;
				IPHONEOS_DEPLOYMENT_TARGET = 15.0;
				LD_RUNPATH_SEARCH_PATHS = (
					"$(inherited)",
					"@executable_path/Frameworks",
					"@loader_path/Frameworks",
				);
				MARKETING_VERSION = 1.0;
				PRODUCT_BUNDLE_IDENTIFIER = com.info.YedirTests;
				PRODUCT_NAME = "$(TARGET_NAME)";
				SWIFT_EMIT_LOC_STRINGS = NO;
				SWIFT_VERSION = 5.0;
				TARGETED_DEVICE_FAMILY = "1,2";
				TEST_HOST = "$(BUILT_PRODUCTS_DIR)/Yedir.app/Yedir";
			};
			name = Release;
		};
		9B3E641027ECD656006686DC /* Debug */ = {
			isa = XCBuildConfiguration;
			buildSettings = {
				ALWAYS_EMBED_SWIFT_STANDARD_LIBRARIES = YES;
				CODE_SIGN_STYLE = Automatic;
				CURRENT_PROJECT_VERSION = 1;
				GENERATE_INFOPLIST_FILE = YES;
				LD_RUNPATH_SEARCH_PATHS = (
					"$(inherited)",
					"@executable_path/Frameworks",
					"@loader_path/Frameworks",
				);
				MARKETING_VERSION = 1.0;
				PRODUCT_BUNDLE_IDENTIFIER = com.info.YedirUITests;
				PRODUCT_NAME = "$(TARGET_NAME)";
				SWIFT_EMIT_LOC_STRINGS = NO;
				SWIFT_VERSION = 5.0;
				TARGETED_DEVICE_FAMILY = "1,2";
				TEST_TARGET_NAME = Yedir;
			};
			name = Debug;
		};
		9B3E641127ECD656006686DC /* Release */ = {
			isa = XCBuildConfiguration;
			buildSettings = {
				ALWAYS_EMBED_SWIFT_STANDARD_LIBRARIES = YES;
				CODE_SIGN_STYLE = Automatic;
				CURRENT_PROJECT_VERSION = 1;
				GENERATE_INFOPLIST_FILE = YES;
				LD_RUNPATH_SEARCH_PATHS = (
					"$(inherited)",
					"@executable_path/Frameworks",
					"@loader_path/Frameworks",
				);
				MARKETING_VERSION = 1.0;
				PRODUCT_BUNDLE_IDENTIFIER = com.info.YedirUITests;
				PRODUCT_NAME = "$(TARGET_NAME)";
				SWIFT_EMIT_LOC_STRINGS = NO;
				SWIFT_VERSION = 5.0;
				TARGETED_DEVICE_FAMILY = "1,2";
				TEST_TARGET_NAME = Yedir;
			};
			name = Release;
		};
/* End XCBuildConfiguration section */

/* Begin XCConfigurationList section */
		9B3E63DA27ECD654006686DC /* Build configuration list for PBXProject "Yedir" */ = {
			isa = XCConfigurationList;
			buildConfigurations = (
				9B3E640727ECD656006686DC /* Debug */,
				9B3E640827ECD656006686DC /* Release */,
			);
			defaultConfigurationIsVisible = 0;
			defaultConfigurationName = Release;
		};
		9B3E640927ECD656006686DC /* Build configuration list for PBXNativeTarget "Yedir" */ = {
			isa = XCConfigurationList;
			buildConfigurations = (
				9B3E640A27ECD656006686DC /* Debug */,
				9B3E640B27ECD656006686DC /* Release */,
			);
			defaultConfigurationIsVisible = 0;
			defaultConfigurationName = Release;
		};
		9B3E640C27ECD656006686DC /* Build configuration list for PBXNativeTarget "YedirTests" */ = {
			isa = XCConfigurationList;
			buildConfigurations = (
				9B3E640D27ECD656006686DC /* Debug */,
				9B3E640E27ECD656006686DC /* Release */,
			);
			defaultConfigurationIsVisible = 0;
			defaultConfigurationName = Release;
		};
		9B3E640F27ECD656006686DC /* Build configuration list for PBXNativeTarget "YedirUITests" */ = {
			isa = XCConfigurationList;
			buildConfigurations = (
				9B3E641027ECD656006686DC /* Debug */,
				9B3E641127ECD656006686DC /* Release */,
			);
			defaultConfigurationIsVisible = 0;
			defaultConfigurationName = Release;
		};
/* End XCConfigurationList section */
	};
	rootObject = 9B3E63D727ECD654006686DC /* Project object */;
}
